// !$*UTF8*$!
{
	archiveVersion = 1;
	classes = {
	};
	objectVersion = 46;
	objects = {

/* Begin PBXBuildFile section */
		9F5019081727077E0060AB32 /* SBJsonParser.m in Sources */ = {isa = PBXBuildFile; fileRef = 9F5018F51727077E0060AB32 /* SBJsonParser.m */; };
		9F5019091727077E0060AB32 /* SBJsonStreamParser.m in Sources */ = {isa = PBXBuildFile; fileRef = 9F5018F71727077E0060AB32 /* SBJsonStreamParser.m */; };
		9F50190A1727077E0060AB32 /* SBJsonStreamParserAccumulator.m in Sources */ = {isa = PBXBuildFile; fileRef = 9F5018F91727077E0060AB32 /* SBJsonStreamParserAccumulator.m */; };
		9F50190B1727077E0060AB32 /* SBJsonStreamParserAdapter.m in Sources */ = {isa = PBXBuildFile; fileRef = 9F5018FB1727077E0060AB32 /* SBJsonStreamParserAdapter.m */; };
		9F50190C1727077E0060AB32 /* SBJsonStreamParserState.m in Sources */ = {isa = PBXBuildFile; fileRef = 9F5018FD1727077E0060AB32 /* SBJsonStreamParserState.m */; };
		9F50190D1727077E0060AB32 /* SBJsonStreamTokeniser.m in Sources */ = {isa = PBXBuildFile; fileRef = 9F5018FF1727077E0060AB32 /* SBJsonStreamTokeniser.m */; };
		9F50190E1727077E0060AB32 /* SBJsonStreamWriter.m in Sources */ = {isa = PBXBuildFile; fileRef = 9F5019011727077E0060AB32 /* SBJsonStreamWriter.m */; };
		9F50190F1727077E0060AB32 /* SBJsonStreamWriterAccumulator.m in Sources */ = {isa = PBXBuildFile; fileRef = 9F5019031727077E0060AB32 /* SBJsonStreamWriterAccumulator.m */; };
		9F5019101727077E0060AB32 /* SBJsonStreamWriterState.m in Sources */ = {isa = PBXBuildFile; fileRef = 9F5019051727077E0060AB32 /* SBJsonStreamWriterState.m */; };
		9F5019111727077E0060AB32 /* SBJsonWriter.m in Sources */ = {isa = PBXBuildFile; fileRef = 9F5019071727077E0060AB32 /* SBJsonWriter.m */; };
		E64BB8BA1724770E0076675B /* UIKit.framework in Frameworks */ = {isa = PBXBuildFile; fileRef = E64BB8B91724770E0076675B /* UIKit.framework */; };
		E64BB8BC1724770E0076675B /* Foundation.framework in Frameworks */ = {isa = PBXBuildFile; fileRef = E64BB8BB1724770E0076675B /* Foundation.framework */; };
		E64BB8BE1724770E0076675B /* CoreGraphics.framework in Frameworks */ = {isa = PBXBuildFile; fileRef = E64BB8BD1724770E0076675B /* CoreGraphics.framework */; };
		E64BB8C41724770F0076675B /* InfoPlist.strings in Resources */ = {isa = PBXBuildFile; fileRef = E64BB8C21724770F0076675B /* InfoPlist.strings */; };
		E64BB8C61724770F0076675B /* main.m in Sources */ = {isa = PBXBuildFile; fileRef = E64BB8C51724770F0076675B /* main.m */; };
		E64BB8CA1724770F0076675B /* MAppDelegate.m in Sources */ = {isa = PBXBuildFile; fileRef = E64BB8C91724770F0076675B /* MAppDelegate.m */; };
		E64BB8CC1724770F0076675B /* Default.png in Resources */ = {isa = PBXBuildFile; fileRef = E64BB8CB1724770F0076675B /* Default.png */; };
		E64BB8CE1724770F0076675B /* Default@2x.png in Resources */ = {isa = PBXBuildFile; fileRef = E64BB8CD1724770F0076675B /* Default@2x.png */; };
		E64BB8D01724770F0076675B /* Default-568h@2x.png in Resources */ = {isa = PBXBuildFile; fileRef = E64BB8CF1724770F0076675B /* Default-568h@2x.png */; };
		E64BB8D31724770F0076675B /* MViewController.m in Sources */ = {isa = PBXBuildFile; fileRef = E64BB8D21724770F0076675B /* MViewController.m */; };
		E64BB8D61724770F0076675B /* MViewController.xib in Resources */ = {isa = PBXBuildFile; fileRef = E64BB8D41724770F0076675B /* MViewController.xib */; };
		E64BB8E117247C4B0076675B /* AssetsLibrary.framework in Frameworks */ = {isa = PBXBuildFile; fileRef = E64BB8E017247C4B0076675B /* AssetsLibrary.framework */; };
		E64BB8E317247C520076675B /* CoreLocation.framework in Frameworks */ = {isa = PBXBuildFile; fileRef = E64BB8E217247C520076675B /* CoreLocation.framework */; };
		E64BB8E517247CA00076675B /* MapKit.framework in Frameworks */ = {isa = PBXBuildFile; fileRef = E64BB8E417247CA00076675B /* MapKit.framework */; };
		E64BB8E817247CD70076675B /* MUserImageProvider.m in Sources */ = {isa = PBXBuildFile; fileRef = E64BB8E717247CD70076675B /* MUserImageProvider.m */; };
		E64BB8EB17247CE60076675B /* MFlickrImageProvider.m in Sources */ = {isa = PBXBuildFile; fileRef = E64BB8EA17247CE60076675B /* MFlickrImageProvider.m */; };
		E64BB8EE17247E080076675B /* MMosaicView.m in Sources */ = {isa = PBXBuildFile; fileRef = E64BB8ED17247E080076675B /* MMosaicView.m */; };
		E6D141E7172F147900724ADB /* MMarkerView.m in Sources */ = {isa = PBXBuildFile; fileRef = E6D141E6172F147900724ADB /* MMarkerView.m */; };
		E6D141ED172F1C9E00724ADB /* UIView+FrameAdditions.m in Sources */ = {isa = PBXBuildFile; fileRef = E6D141EC172F1C9E00724ADB /* UIView+FrameAdditions.m */; };
		E6F6534C172F8F8000890A45 /* icon.png in Resources */ = {isa = PBXBuildFile; fileRef = E6F6534A172F8F8000890A45 /* icon.png */; };
		E6F6534D172F8F8000890A45 /* icon@2x.png in Resources */ = {isa = PBXBuildFile; fileRef = E6F6534B172F8F8000890A45 /* icon@2x.png */; };
		E6F99365172F7BA1002279AD /* libdispatch.dylib in Frameworks */ = {isa = PBXBuildFile; fileRef = E6F99363172F7B96002279AD /* libdispatch.dylib */; };
/* End PBXBuildFile section */

/* Begin PBXFileReference section */
		9F5018F31727077E0060AB32 /* SBJson.h */ = {isa = PBXFileReference; fileEncoding = 4; lastKnownFileType = sourcecode.c.h; path = SBJson.h; sourceTree = "<group>"; };
		9F5018F41727077E0060AB32 /* SBJsonParser.h */ = {isa = PBXFileReference; fileEncoding = 4; lastKnownFileType = sourcecode.c.h; path = SBJsonParser.h; sourceTree = "<group>"; };
		9F5018F51727077E0060AB32 /* SBJsonParser.m */ = {isa = PBXFileReference; fileEncoding = 4; lastKnownFileType = sourcecode.c.objc; path = SBJsonParser.m; sourceTree = "<group>"; };
		9F5018F61727077E0060AB32 /* SBJsonStreamParser.h */ = {isa = PBXFileReference; fileEncoding = 4; lastKnownFileType = sourcecode.c.h; path = SBJsonStreamParser.h; sourceTree = "<group>"; };
		9F5018F71727077E0060AB32 /* SBJsonStreamParser.m */ = {isa = PBXFileReference; fileEncoding = 4; lastKnownFileType = sourcecode.c.objc; path = SBJsonStreamParser.m; sourceTree = "<group>"; };
		9F5018F81727077E0060AB32 /* SBJsonStreamParserAccumulator.h */ = {isa = PBXFileReference; fileEncoding = 4; lastKnownFileType = sourcecode.c.h; path = SBJsonStreamParserAccumulator.h; sourceTree = "<group>"; };
		9F5018F91727077E0060AB32 /* SBJsonStreamParserAccumulator.m */ = {isa = PBXFileReference; fileEncoding = 4; lastKnownFileType = sourcecode.c.objc; path = SBJsonStreamParserAccumulator.m; sourceTree = "<group>"; };
		9F5018FA1727077E0060AB32 /* SBJsonStreamParserAdapter.h */ = {isa = PBXFileReference; fileEncoding = 4; lastKnownFileType = sourcecode.c.h; path = SBJsonStreamParserAdapter.h; sourceTree = "<group>"; };
		9F5018FB1727077E0060AB32 /* SBJsonStreamParserAdapter.m */ = {isa = PBXFileReference; fileEncoding = 4; lastKnownFileType = sourcecode.c.objc; path = SBJsonStreamParserAdapter.m; sourceTree = "<group>"; };
		9F5018FC1727077E0060AB32 /* SBJsonStreamParserState.h */ = {isa = PBXFileReference; fileEncoding = 4; lastKnownFileType = sourcecode.c.h; path = SBJsonStreamParserState.h; sourceTree = "<group>"; };
		9F5018FD1727077E0060AB32 /* SBJsonStreamParserState.m */ = {isa = PBXFileReference; fileEncoding = 4; lastKnownFileType = sourcecode.c.objc; path = SBJsonStreamParserState.m; sourceTree = "<group>"; };
		9F5018FE1727077E0060AB32 /* SBJsonStreamTokeniser.h */ = {isa = PBXFileReference; fileEncoding = 4; lastKnownFileType = sourcecode.c.h; path = SBJsonStreamTokeniser.h; sourceTree = "<group>"; };
		9F5018FF1727077E0060AB32 /* SBJsonStreamTokeniser.m */ = {isa = PBXFileReference; fileEncoding = 4; lastKnownFileType = sourcecode.c.objc; path = SBJsonStreamTokeniser.m; sourceTree = "<group>"; };
		9F5019001727077E0060AB32 /* SBJsonStreamWriter.h */ = {isa = PBXFileReference; fileEncoding = 4; lastKnownFileType = sourcecode.c.h; path = SBJsonStreamWriter.h; sourceTree = "<group>"; };
		9F5019011727077E0060AB32 /* SBJsonStreamWriter.m */ = {isa = PBXFileReference; fileEncoding = 4; lastKnownFileType = sourcecode.c.objc; path = SBJsonStreamWriter.m; sourceTree = "<group>"; };
		9F5019021727077E0060AB32 /* SBJsonStreamWriterAccumulator.h */ = {isa = PBXFileReference; fileEncoding = 4; lastKnownFileType = sourcecode.c.h; path = SBJsonStreamWriterAccumulator.h; sourceTree = "<group>"; };
		9F5019031727077E0060AB32 /* SBJsonStreamWriterAccumulator.m */ = {isa = PBXFileReference; fileEncoding = 4; lastKnownFileType = sourcecode.c.objc; path = SBJsonStreamWriterAccumulator.m; sourceTree = "<group>"; };
		9F5019041727077E0060AB32 /* SBJsonStreamWriterState.h */ = {isa = PBXFileReference; fileEncoding = 4; lastKnownFileType = sourcecode.c.h; path = SBJsonStreamWriterState.h; sourceTree = "<group>"; };
		9F5019051727077E0060AB32 /* SBJsonStreamWriterState.m */ = {isa = PBXFileReference; fileEncoding = 4; lastKnownFileType = sourcecode.c.objc; path = SBJsonStreamWriterState.m; sourceTree = "<group>"; };
		9F5019061727077E0060AB32 /* SBJsonWriter.h */ = {isa = PBXFileReference; fileEncoding = 4; lastKnownFileType = sourcecode.c.h; path = SBJsonWriter.h; sourceTree = "<group>"; };
		9F5019071727077E0060AB32 /* SBJsonWriter.m */ = {isa = PBXFileReference; fileEncoding = 4; lastKnownFileType = sourcecode.c.objc; path = SBJsonWriter.m; sourceTree = "<group>"; };
		E64BB8B61724770E0076675B /* Mosaic.app */ = {isa = PBXFileReference; explicitFileType = wrapper.application; includeInIndex = 0; path = Mosaic.app; sourceTree = BUILT_PRODUCTS_DIR; };
		E64BB8B91724770E0076675B /* UIKit.framework */ = {isa = PBXFileReference; lastKnownFileType = wrapper.framework; name = UIKit.framework; path = System/Library/Frameworks/UIKit.framework; sourceTree = SDKROOT; };
		E64BB8BB1724770E0076675B /* Foundation.framework */ = {isa = PBXFileReference; lastKnownFileType = wrapper.framework; name = Foundation.framework; path = System/Library/Frameworks/Foundation.framework; sourceTree = SDKROOT; };
		E64BB8BD1724770E0076675B /* CoreGraphics.framework */ = {isa = PBXFileReference; lastKnownFileType = wrapper.framework; name = CoreGraphics.framework; path = System/Library/Frameworks/CoreGraphics.framework; sourceTree = SDKROOT; };
		E64BB8C11724770F0076675B /* Mosaic-Info.plist */ = {isa = PBXFileReference; lastKnownFileType = text.plist.xml; path = "Mosaic-Info.plist"; sourceTree = "<group>"; };
		E64BB8C31724770F0076675B /* en */ = {isa = PBXFileReference; lastKnownFileType = text.plist.strings; name = en; path = en.lproj/InfoPlist.strings; sourceTree = "<group>"; };
		E64BB8C51724770F0076675B /* main.m */ = {isa = PBXFileReference; lastKnownFileType = sourcecode.c.objc; path = main.m; sourceTree = "<group>"; };
		E64BB8C71724770F0076675B /* Mosaic-Prefix.pch */ = {isa = PBXFileReference; lastKnownFileType = sourcecode.c.h; path = "Mosaic-Prefix.pch"; sourceTree = "<group>"; };
		E64BB8C81724770F0076675B /* MAppDelegate.h */ = {isa = PBXFileReference; lastKnownFileType = sourcecode.c.h; path = MAppDelegate.h; sourceTree = "<group>"; };
		E64BB8C91724770F0076675B /* MAppDelegate.m */ = {isa = PBXFileReference; lastKnownFileType = sourcecode.c.objc; path = MAppDelegate.m; sourceTree = "<group>"; };
		E64BB8CB1724770F0076675B /* Default.png */ = {isa = PBXFileReference; lastKnownFileType = image.png; path = Default.png; sourceTree = "<group>"; };
		E64BB8CD1724770F0076675B /* Default@2x.png */ = {isa = PBXFileReference; lastKnownFileType = image.png; path = "Default@2x.png"; sourceTree = "<group>"; };
		E64BB8CF1724770F0076675B /* Default-568h@2x.png */ = {isa = PBXFileReference; lastKnownFileType = image.png; path = "Default-568h@2x.png"; sourceTree = "<group>"; };
		E64BB8D11724770F0076675B /* MViewController.h */ = {isa = PBXFileReference; lastKnownFileType = sourcecode.c.h; path = MViewController.h; sourceTree = "<group>"; };
		E64BB8D21724770F0076675B /* MViewController.m */ = {isa = PBXFileReference; lastKnownFileType = sourcecode.c.objc; path = MViewController.m; sourceTree = "<group>"; };
		E64BB8D51724770F0076675B /* en */ = {isa = PBXFileReference; lastKnownFileType = file.xib; name = en; path = en.lproj/MViewController.xib; sourceTree = "<group>"; };
		E64BB8DC17247C090076675B /* MImageProvider.h */ = {isa = PBXFileReference; lastKnownFileType = sourcecode.c.h; path = MImageProvider.h; sourceTree = "<group>"; };
		E64BB8E017247C4B0076675B /* AssetsLibrary.framework */ = {isa = PBXFileReference; lastKnownFileType = wrapper.framework; name = AssetsLibrary.framework; path = System/Library/Frameworks/AssetsLibrary.framework; sourceTree = SDKROOT; };
		E64BB8E217247C520076675B /* CoreLocation.framework */ = {isa = PBXFileReference; lastKnownFileType = wrapper.framework; name = CoreLocation.framework; path = System/Library/Frameworks/CoreLocation.framework; sourceTree = SDKROOT; };
		E64BB8E417247CA00076675B /* MapKit.framework */ = {isa = PBXFileReference; lastKnownFileType = wrapper.framework; name = MapKit.framework; path = System/Library/Frameworks/MapKit.framework; sourceTree = SDKROOT; };
		E64BB8E617247CD70076675B /* MUserImageProvider.h */ = {isa = PBXFileReference; fileEncoding = 4; lastKnownFileType = sourcecode.c.h; path = MUserImageProvider.h; sourceTree = "<group>"; };
		E64BB8E717247CD70076675B /* MUserImageProvider.m */ = {isa = PBXFileReference; fileEncoding = 4; lastKnownFileType = sourcecode.c.objc; path = MUserImageProvider.m; sourceTree = "<group>"; };
		E64BB8E917247CE60076675B /* MFlickrImageProvider.h */ = {isa = PBXFileReference; fileEncoding = 4; lastKnownFileType = sourcecode.c.h; path = MFlickrImageProvider.h; sourceTree = "<group>"; };
		E64BB8EA17247CE60076675B /* MFlickrImageProvider.m */ = {isa = PBXFileReference; fileEncoding = 4; lastKnownFileType = sourcecode.c.objc; path = MFlickrImageProvider.m; sourceTree = "<group>"; };
		E64BB8EC17247E080076675B /* MMosaicView.h */ = {isa = PBXFileReference; fileEncoding = 4; lastKnownFileType = sourcecode.c.h; path = MMosaicView.h; sourceTree = "<group>"; };
		E64BB8ED17247E080076675B /* MMosaicView.m */ = {isa = PBXFileReference; fileEncoding = 4; lastKnownFileType = sourcecode.c.objc; path = MMosaicView.m; sourceTree = "<group>"; };
		E6D141E5172F147900724ADB /* MMarkerView.h */ = {isa = PBXFileReference; fileEncoding = 4; lastKnownFileType = sourcecode.c.h; path = MMarkerView.h; sourceTree = "<group>"; };
		E6D141E6172F147900724ADB /* MMarkerView.m */ = {isa = PBXFileReference; fileEncoding = 4; lastKnownFileType = sourcecode.c.objc; path = MMarkerView.m; sourceTree = "<group>"; };
		E6D141EB172F1C9E00724ADB /* UIView+FrameAdditions.h */ = {isa = PBXFileReference; fileEncoding = 4; lastKnownFileType = sourcecode.c.h; path = "UIView+FrameAdditions.h"; sourceTree = "<group>"; };
		E6D141EC172F1C9E00724ADB /* UIView+FrameAdditions.m */ = {isa = PBXFileReference; fileEncoding = 4; lastKnownFileType = sourcecode.c.objc; path = "UIView+FrameAdditions.m"; sourceTree = "<group>"; };
		E6F6534A172F8F8000890A45 /* icon.png */ = {isa = PBXFileReference; lastKnownFileType = image.png; path = icon.png; sourceTree = SOURCE_ROOT; };
		E6F6534B172F8F8000890A45 /* icon@2x.png */ = {isa = PBXFileReference; lastKnownFileType = image.png; path = "icon@2x.png"; sourceTree = SOURCE_ROOT; };
		E6F99363172F7B96002279AD /* libdispatch.dylib */ = {isa = PBXFileReference; lastKnownFileType = "compiled.mach-o.dylib"; name = libdispatch.dylib; path = usr/lib/system/libdispatch.dylib; sourceTree = SDKROOT; };
/* End PBXFileReference section */

/* Begin PBXFrameworksBuildPhase section */
		E64BB8B31724770E0076675B /* Frameworks */ = {
			isa = PBXFrameworksBuildPhase;
			buildActionMask = 2147483647;
			files = (
				E6F99365172F7BA1002279AD /* libdispatch.dylib in Frameworks */,
				E64BB8E317247C520076675B /* CoreLocation.framework in Frameworks */,
				E64BB8E517247CA00076675B /* MapKit.framework in Frameworks */,
				E64BB8BA1724770E0076675B /* UIKit.framework in Frameworks */,
				E64BB8E117247C4B0076675B /* AssetsLibrary.framework in Frameworks */,
				E64BB8BC1724770E0076675B /* Foundation.framework in Frameworks */,
				E64BB8BE1724770E0076675B /* CoreGraphics.framework in Frameworks */,
			);
			runOnlyForDeploymentPostprocessing = 0;
		};
/* End PBXFrameworksBuildPhase section */

/* Begin PBXGroup section */
		9F5018F11727075C0060AB32 /* Libraries */ = {
			isa = PBXGroup;
			children = (
				9F5018F2172707620060AB32 /* SBJson */,
			);
			name = Libraries;
			sourceTree = "<group>";
		};
		9F5018F2172707620060AB32 /* SBJson */ = {
			isa = PBXGroup;
			children = (
				9F5018F31727077E0060AB32 /* SBJson.h */,
				9F5018F41727077E0060AB32 /* SBJsonParser.h */,
				9F5018F51727077E0060AB32 /* SBJsonParser.m */,
				9F5018F61727077E0060AB32 /* SBJsonStreamParser.h */,
				9F5018F71727077E0060AB32 /* SBJsonStreamParser.m */,
				9F5018F81727077E0060AB32 /* SBJsonStreamParserAccumulator.h */,
				9F5018F91727077E0060AB32 /* SBJsonStreamParserAccumulator.m */,
				9F5018FA1727077E0060AB32 /* SBJsonStreamParserAdapter.h */,
				9F5018FB1727077E0060AB32 /* SBJsonStreamParserAdapter.m */,
				9F5018FC1727077E0060AB32 /* SBJsonStreamParserState.h */,
				9F5018FD1727077E0060AB32 /* SBJsonStreamParserState.m */,
				9F5018FE1727077E0060AB32 /* SBJsonStreamTokeniser.h */,
				9F5018FF1727077E0060AB32 /* SBJsonStreamTokeniser.m */,
				9F5019001727077E0060AB32 /* SBJsonStreamWriter.h */,
				9F5019011727077E0060AB32 /* SBJsonStreamWriter.m */,
				9F5019021727077E0060AB32 /* SBJsonStreamWriterAccumulator.h */,
				9F5019031727077E0060AB32 /* SBJsonStreamWriterAccumulator.m */,
				9F5019041727077E0060AB32 /* SBJsonStreamWriterState.h */,
				9F5019051727077E0060AB32 /* SBJsonStreamWriterState.m */,
				9F5019061727077E0060AB32 /* SBJsonWriter.h */,
				9F5019071727077E0060AB32 /* SBJsonWriter.m */,
			);
			name = SBJson;
			sourceTree = "<group>";
		};
		E64BB8AD1724770E0076675B = {
			isa = PBXGroup;
			children = (
				E64BB8BF1724770E0076675B /* Mosaic */,
				E64BB8B81724770E0076675B /* Frameworks */,
				E64BB8B71724770E0076675B /* Products */,
			);
			sourceTree = "<group>";
		};
		E64BB8B71724770E0076675B /* Products */ = {
			isa = PBXGroup;
			children = (
				E64BB8B61724770E0076675B /* Mosaic.app */,
			);
			name = Products;
			sourceTree = "<group>";
		};
		E64BB8B81724770E0076675B /* Frameworks */ = {
			isa = PBXGroup;
			children = (
				E6F99363172F7B96002279AD /* libdispatch.dylib */,
				E64BB8E417247CA00076675B /* MapKit.framework */,
				E64BB8E217247C520076675B /* CoreLocation.framework */,
				E64BB8E017247C4B0076675B /* AssetsLibrary.framework */,
				E64BB8B91724770E0076675B /* UIKit.framework */,
				E64BB8BB1724770E0076675B /* Foundation.framework */,
				E64BB8BD1724770E0076675B /* CoreGraphics.framework */,
			);
			name = Frameworks;
			sourceTree = "<group>";
		};
		E64BB8BF1724770E0076675B /* Mosaic */ = {
			isa = PBXGroup;
			children = (
				9F5018F11727075C0060AB32 /* Libraries */,
				E64BB8DF17247C190076675B /* Views */,
				E64BB8DE17247C150076675B /* Controllers */,
				E64BB8DD17247C0E0076675B /* Models */,
				E64BB8C81724770F0076675B /* MAppDelegate.h */,
				E64BB8C91724770F0076675B /* MAppDelegate.m */,
				E64BB8C01724770F0076675B /* Supporting Files */,
			);
			path = Mosaic;
			sourceTree = "<group>";
		};
		E64BB8C01724770F0076675B /* Supporting Files */ = {
			isa = PBXGroup;
			children = (
				E6F6534A172F8F8000890A45 /* icon.png */,
				E6F6534B172F8F8000890A45 /* icon@2x.png */,
				E64BB8D41724770F0076675B /* MViewController.xib */,
				E64BB8C11724770F0076675B /* Mosaic-Info.plist */,
				E64BB8C21724770F0076675B /* InfoPlist.strings */,
				E64BB8C51724770F0076675B /* main.m */,
				E64BB8C71724770F0076675B /* Mosaic-Prefix.pch */,
				E64BB8CB1724770F0076675B /* Default.png */,
				E64BB8CD1724770F0076675B /* Default@2x.png */,
				E64BB8CF1724770F0076675B /* Default-568h@2x.png */,
			);
			name = "Supporting Files";
			sourceTree = "<group>";
		};
		E64BB8DD17247C0E0076675B /* Models */ = {
			isa = PBXGroup;
			children = (
				E64BB8DC17247C090076675B /* MImageProvider.h */,
				E64BB8E617247CD70076675B /* MUserImageProvider.h */,
				E64BB8E717247CD70076675B /* MUserImageProvider.m */,
				E64BB8E917247CE60076675B /* MFlickrImageProvider.h */,
				E64BB8EA17247CE60076675B /* MFlickrImageProvider.m */,
			);
			name = Models;
			sourceTree = "<group>";
		};
		E64BB8DE17247C150076675B /* Controllers */ = {
			isa = PBXGroup;
			children = (
				E64BB8D11724770F0076675B /* MViewController.h */,
				E64BB8D21724770F0076675B /* MViewController.m */,
			);
			name = Controllers;
			sourceTree = "<group>";
		};
		E64BB8DF17247C190076675B /* Views */ = {
			isa = PBXGroup;
			children = (
				E6D141EB172F1C9E00724ADB /* UIView+FrameAdditions.h */,
				E6D141EC172F1C9E00724ADB /* UIView+FrameAdditions.m */,
				E64BB8EC17247E080076675B /* MMosaicView.h */,
				E64BB8ED17247E080076675B /* MMosaicView.m */,
				E6D141E5172F147900724ADB /* MMarkerView.h */,
				E6D141E6172F147900724ADB /* MMarkerView.m */,
			);
			name = Views;
			sourceTree = "<group>";
		};
/* End PBXGroup section */

/* Begin PBXNativeTarget section */
		E64BB8B51724770E0076675B /* Mosaic */ = {
			isa = PBXNativeTarget;
			buildConfigurationList = E64BB8D91724770F0076675B /* Build configuration list for PBXNativeTarget "Mosaic" */;
			buildPhases = (
				E64BB8B21724770E0076675B /* Sources */,
				E64BB8B31724770E0076675B /* Frameworks */,
				E64BB8B41724770E0076675B /* Resources */,
			);
			buildRules = (
			);
			dependencies = (
			);
			name = Mosaic;
			productName = Mosaic;
			productReference = E64BB8B61724770E0076675B /* Mosaic.app */;
			productType = "com.apple.product-type.application";
		};
/* End PBXNativeTarget section */

/* Begin PBXProject section */
		E64BB8AE1724770E0076675B /* Project object */ = {
			isa = PBXProject;
			attributes = {
				CLASSPREFIX = M;
				LastUpgradeCheck = 0460;
				ORGANIZATIONNAME = "Stacks on Stacks";
			};
			buildConfigurationList = E64BB8B11724770E0076675B /* Build configuration list for PBXProject "Mosaic" */;
			compatibilityVersion = "Xcode 3.2";
			developmentRegion = English;
			hasScannedForEncodings = 0;
			knownRegions = (
				en,
			);
			mainGroup = E64BB8AD1724770E0076675B;
			productRefGroup = E64BB8B71724770E0076675B /* Products */;
			projectDirPath = "";
			projectRoot = "";
			targets = (
				E64BB8B51724770E0076675B /* Mosaic */,
			);
		};
/* End PBXProject section */

/* Begin PBXResourcesBuildPhase section */
		E64BB8B41724770E0076675B /* Resources */ = {
			isa = PBXResourcesBuildPhase;
			buildActionMask = 2147483647;
			files = (
				E64BB8C41724770F0076675B /* InfoPlist.strings in Resources */,
				E64BB8CC1724770F0076675B /* Default.png in Resources */,
				E64BB8CE1724770F0076675B /* Default@2x.png in Resources */,
				E64BB8D01724770F0076675B /* Default-568h@2x.png in Resources */,
				E64BB8D61724770F0076675B /* MViewController.xib in Resources */,
				E6F6534C172F8F8000890A45 /* icon.png in Resources */,
				E6F6534D172F8F8000890A45 /* icon@2x.png in Resources */,
			);
			runOnlyForDeploymentPostprocessing = 0;
		};
/* End PBXResourcesBuildPhase section */

/* Begin PBXSourcesBuildPhase section */
		E64BB8B21724770E0076675B /* Sources */ = {
			isa = PBXSourcesBuildPhase;
			buildActionMask = 2147483647;
			files = (
				E64BB8C61724770F0076675B /* main.m in Sources */,
				E64BB8CA1724770F0076675B /* MAppDelegate.m in Sources */,
				E64BB8D31724770F0076675B /* MViewController.m in Sources */,
				E64BB8E817247CD70076675B /* MUserImageProvider.m in Sources */,
				E64BB8EB17247CE60076675B /* MFlickrImageProvider.m in Sources */,
				E64BB8EE17247E080076675B /* MMosaicView.m in Sources */,
				E6D141E7172F147900724ADB /* MMarkerView.m in Sources */,
				E6D141ED172F1C9E00724ADB /* UIView+FrameAdditions.m in Sources */,
				9F5019081727077E0060AB32 /* SBJsonParser.m in Sources */,
				9F5019091727077E0060AB32 /* SBJsonStreamParser.m in Sources */,
				9F50190A1727077E0060AB32 /* SBJsonStreamParserAccumulator.m in Sources */,
				9F50190B1727077E0060AB32 /* SBJsonStreamParserAdapter.m in Sources */,
				9F50190C1727077E0060AB32 /* SBJsonStreamParserState.m in Sources */,
				9F50190D1727077E0060AB32 /* SBJsonStreamTokeniser.m in Sources */,
				9F50190E1727077E0060AB32 /* SBJsonStreamWriter.m in Sources */,
				9F50190F1727077E0060AB32 /* SBJsonStreamWriterAccumulator.m in Sources */,
				9F5019101727077E0060AB32 /* SBJsonStreamWriterState.m in Sources */,
				9F5019111727077E0060AB32 /* SBJsonWriter.m in Sources */,
			);
			runOnlyForDeploymentPostprocessing = 0;
		};
/* End PBXSourcesBuildPhase section */

/* Begin PBXVariantGroup section */
		E64BB8C21724770F0076675B /* InfoPlist.strings */ = {
			isa = PBXVariantGroup;
			children = (
				E64BB8C31724770F0076675B /* en */,
			);
			name = InfoPlist.strings;
			sourceTree = "<group>";
		};
		E64BB8D41724770F0076675B /* MViewController.xib */ = {
			isa = PBXVariantGroup;
			children = (
				E64BB8D51724770F0076675B /* en */,
			);
			name = MViewController.xib;
			sourceTree = "<group>";
		};
/* End PBXVariantGroup section */

/* Begin XCBuildConfiguration section */
		E64BB8D71724770F0076675B /* Debug */ = {
			isa = XCBuildConfiguration;
			buildSettings = {
				ALWAYS_SEARCH_USER_PATHS = NO;
				CLANG_CXX_LANGUAGE_STANDARD = "gnu++0x";
				CLANG_CXX_LIBRARY = "libc++";
				CLANG_ENABLE_OBJC_ARC = YES;
				CLANG_WARN_CONSTANT_CONVERSION = YES;
				CLANG_WARN_EMPTY_BODY = YES;
				CLANG_WARN_ENUM_CONVERSION = YES;
				CLANG_WARN_INT_CONVERSION = YES;
				CLANG_WARN__DUPLICATE_METHOD_MATCH = YES;
				"CODE_SIGN_IDENTITY[sdk=iphoneos*]" = "iPhone Developer";
				COPY_PHASE_STRIP = NO;
				GCC_C_LANGUAGE_STANDARD = gnu99;
				GCC_DYNAMIC_NO_PIC = NO;
				GCC_OPTIMIZATION_LEVEL = 0;
				GCC_PREPROCESSOR_DEFINITIONS = (
					"DEBUG=1",
					"$(inherited)",
				);
				GCC_SYMBOLS_PRIVATE_EXTERN = NO;
				GCC_WARN_ABOUT_RETURN_TYPE = YES;
				GCC_WARN_UNINITIALIZED_AUTOS = YES;
				GCC_WARN_UNUSED_VARIABLE = YES;
				IPHONEOS_DEPLOYMENT_TARGET = 6.1;
				ONLY_ACTIVE_ARCH = YES;
				SDKROOT = iphoneos;
			};
			name = Debug;
		};
		E64BB8D81724770F0076675B /* Release */ = {
			isa = XCBuildConfiguration;
			buildSettings = {
				ALWAYS_SEARCH_USER_PATHS = NO;
				CLANG_CXX_LANGUAGE_STANDARD = "gnu++0x";
				CLANG_CXX_LIBRARY = "libc++";
				CLANG_ENABLE_OBJC_ARC = YES;
				CLANG_WARN_CONSTANT_CONVERSION = YES;
				CLANG_WARN_EMPTY_BODY = YES;
				CLANG_WARN_ENUM_CONVERSION = YES;
				CLANG_WARN_INT_CONVERSION = YES;
				CLANG_WARN__DUPLICATE_METHOD_MATCH = YES;
				"CODE_SIGN_IDENTITY[sdk=iphoneos*]" = "iPhone Developer";
				COPY_PHASE_STRIP = YES;
				GCC_C_LANGUAGE_STANDARD = gnu99;
				GCC_WARN_ABOUT_RETURN_TYPE = YES;
				GCC_WARN_UNINITIALIZED_AUTOS = YES;
				GCC_WARN_UNUSED_VARIABLE = YES;
				IPHONEOS_DEPLOYMENT_TARGET = 6.1;
				OTHER_CFLAGS = "-DNS_BLOCK_ASSERTIONS=1";
				SDKROOT = iphoneos;
				VALIDATE_PRODUCT = YES;
			};
			name = Release;
		};
		E64BB8DA1724770F0076675B /* Debug */ = {
			isa = XCBuildConfiguration;
			buildSettings = {
				GCC_PRECOMPILE_PREFIX_HEADER = YES;
				GCC_PREFIX_HEADER = "Mosaic/Mosaic-Prefix.pch";
				INFOPLIST_FILE = "Mosaic/Mosaic-Info.plist";
				LIBRARY_SEARCH_PATHS = (
					"$(inherited)",
					"\"$(SDKROOT)/usr/lib/system\"",
				);
				PRODUCT_NAME = "$(TARGET_NAME)";
				WRAPPER_EXTENSION = app;
			};
			name = Debug;
		};
		E64BB8DB1724770F0076675B /* Release */ = {
			isa = XCBuildConfiguration;
			buildSettings = {
				GCC_PRECOMPILE_PREFIX_HEADER = YES;
				GCC_PREFIX_HEADER = "Mosaic/Mosaic-Prefix.pch";
				INFOPLIST_FILE = "Mosaic/Mosaic-Info.plist";
				LIBRARY_SEARCH_PATHS = (
					"$(inherited)",
					"\"$(SDKROOT)/usr/lib/system\"",
				);
				PRODUCT_NAME = "$(TARGET_NAME)";
				WRAPPER_EXTENSION = app;
			};
			name = Release;
		};
/* End XCBuildConfiguration section */

/* Begin XCConfigurationList section */
		E64BB8B11724770E0076675B /* Build configuration list for PBXProject "Mosaic" */ = {
			isa = XCConfigurationList;
			buildConfigurations = (
				E64BB8D71724770F0076675B /* Debug */,
				E64BB8D81724770F0076675B /* Release */,
			);
			defaultConfigurationIsVisible = 0;
			defaultConfigurationName = Release;
		};
		E64BB8D91724770F0076675B /* Build configuration list for PBXNativeTarget "Mosaic" */ = {
			isa = XCConfigurationList;
			buildConfigurations = (
				E64BB8DA1724770F0076675B /* Debug */,
				E64BB8DB1724770F0076675B /* Release */,
			);
			defaultConfigurationIsVisible = 0;
			defaultConfigurationName = Release;
		};
/* End XCConfigurationList section */
	};
	rootObject = E64BB8AE1724770E0076675B /* Project object */;
}
